{
  "originHash" : "1a605122917fa8a7a53480bef3fc2422f40093dd76bfec54f8d8eeb397fecfb1",
  "pins" : [
    {
      "identity" : "swift-system",
      "kind" : "remoteSourceControl",
      "location" : "https://github.com/apple/swift-system.git",
      "state" : {
        "revision" : "7c6ad0fc39d0763e0b699210e4124afd5041c5df",
        "version" : "1.6.4"
      }
    },
    {
      "identity" : "swift-xdg",
      "kind" : "remoteSourceControl",
      "location" : "https://github.com/Frizlab/swift-xdg.git",
      "state" : {
        "revision" : "ac3e885b0de05ad3e57b37769c0ea568413fd9c9",
        "version" : "2.0.1"
      }
    }
  ],
  "version" : 3
}
